// !$*UTF8*$!
{
	archiveVersion = 1;
	classes = {
	};
	objectVersion = 46;
	objects = {

/* Begin PBXBuildFile section */
		331E2DAB20A7244C00F4A5F7 /* AppDelegate.swift in Sources */ = {isa = PBXBuildFile; fileRef = 331E2DAA20A7244C00F4A5F7 /* AppDelegate.swift */; };
		331E2DAD20A7244C00F4A5F7 /* ViewController.swift in Sources */ = {isa = PBXBuildFile; fileRef = 331E2DAC20A7244C00F4A5F7 /* ViewController.swift */; };
		331E2DB020A7244C00F4A5F7 /* Main.storyboard in Resources */ = {isa = PBXBuildFile; fileRef = 331E2DAE20A7244C00F4A5F7 /* Main.storyboard */; };
		331E2DB220A7244C00F4A5F7 /* Assets.xcassets in Resources */ = {isa = PBXBuildFile; fileRef = 331E2DB120A7244C00F4A5F7 /* Assets.xcassets */; };
		331E2DB520A7244C00F4A5F7 /* LaunchScreen.storyboard in Resources */ = {isa = PBXBuildFile; fileRef = 331E2DB320A7244C00F4A5F7 /* LaunchScreen.storyboard */; };
		33B3813520A8B18D00212796 /* LeagueVC.swift in Sources */ = {isa = PBXBuildFile; fileRef = 33B3813420A8B18D00212796 /* LeagueVC.swift */; };
		33B3813720A8B1B000212796 /* SkillVC.swift in Sources */ = {isa = PBXBuildFile; fileRef = 33B3813620A8B1B000212796 /* SkillVC.swift */; };
		33B3813920A957BB00212796 /* Player.swift in Sources */ = {isa = PBXBuildFile; fileRef = 33B3813820A957BB00212796 /* Player.swift */; };
/* End PBXBuildFile section */

/* Begin PBXFileReference section */
		331E2DA720A7244C00F4A5F7 /* app-swoosh1.app */ = {isa = PBXFileReference; explicitFileType = wrapper.application; includeInIndex = 0; path = "app-swoosh1.app"; sourceTree = BUILT_PRODUCTS_DIR; };
		331E2DAA20A7244C00F4A5F7 /* AppDelegate.swift */ = {isa = PBXFileReference; lastKnownFileType = sourcecode.swift; path = AppDelegate.swift; sourceTree = "<group>"; };
		331E2DAC20A7244C00F4A5F7 /* ViewController.swift */ = {isa = PBXFileReference; lastKnownFileType = sourcecode.swift; path = ViewController.swift; sourceTree = "<group>"; };
		331E2DAF20A7244C00F4A5F7 /* Base */ = {isa = PBXFileReference; lastKnownFileType = file.storyboard; name = Base; path = Base.lproj/Main.storyboard; sourceTree = "<group>"; };
		331E2DB120A7244C00F4A5F7 /* Assets.xcassets */ = {isa = PBXFileReference; lastKnownFileType = folder.assetcatalog; path = Assets.xcassets; sourceTree = "<group>"; };
		331E2DB420A7244C00F4A5F7 /* Base */ = {isa = PBXFileReference; lastKnownFileType = file.storyboard; name = Base; path = Base.lproj/LaunchScreen.storyboard; sourceTree = "<group>"; };
		331E2DB620A7244C00F4A5F7 /* Info.plist */ = {isa = PBXFileReference; lastKnownFileType = text.plist.xml; path = Info.plist; sourceTree = "<group>"; };
		33B3813420A8B18D00212796 /* LeagueVC.swift */ = {isa = PBXFileReference; lastKnownFileType = sourcecode.swift; path = LeagueVC.swift; sourceTree = "<group>"; };
		33B3813620A8B1B000212796 /* SkillVC.swift */ = {isa = PBXFileReference; lastKnownFileType = sourcecode.swift; path = SkillVC.swift; sourceTree = "<group>"; };
		33B3813820A957BB00212796 /* Player.swift */ = {isa = PBXFileReference; lastKnownFileType = sourcecode.swift; path = Player.swift; sourceTree = "<group>"; };
/* End PBXFileReference section */

/* Begin PBXFrameworksBuildPhase section */
		331E2DA420A7244C00F4A5F7 /* Frameworks */ = {
			isa = PBXFrameworksBuildPhase;
			buildActionMask = 2147483647;
			files = (
			);
			runOnlyForDeploymentPostprocessing = 0;
		};
/* End PBXFrameworksBuildPhase section */

/* Begin PBXGroup section */
		331E2D9E20A7244C00F4A5F7 = {
			isa = PBXGroup;
			children = (
				331E2DA920A7244C00F4A5F7 /* app-swoosh1 */,
				331E2DA820A7244C00F4A5F7 /* Products */,
			);
			sourceTree = "<group>";
		};
		331E2DA820A7244C00F4A5F7 /* Products */ = {
			isa = PBXGroup;
			children = (
				331E2DA720A7244C00F4A5F7 /* app-swoosh1.app */,
			);
			name = Products;
			sourceTree = "<group>";
		};
		331E2DA920A7244C00F4A5F7 /* app-swoosh1 */ = {
			isa = PBXGroup;
			children = (
				33B3813120A8B05600212796 /* Model */,
				33B3813020A8B04E00212796 /* Contoller */,
				33B3812F20A8B03C00212796 /* View */,
				331E2DAE20A7244C00F4A5F7 /* Main.storyboard */,
				331E2DAA20A7244C00F4A5F7 /* AppDelegate.swift */,
				331E2DB120A7244C00F4A5F7 /* Assets.xcassets */,
				331E2DB320A7244C00F4A5F7 /* LaunchScreen.storyboard */,
				331E2DB620A7244C00F4A5F7 /* Info.plist */,
			);
			path = "app-swoosh1";
			sourceTree = "<group>";
		};
		33B3812F20A8B03C00212796 /* View */ = {
			isa = PBXGroup;
			children = (
			);
			name = View;
			path = "New Group1";
			sourceTree = "<group>";
		};
		33B3813020A8B04E00212796 /* Contoller */ = {
			isa = PBXGroup;
			children = (
				331E2DAC20A7244C00F4A5F7 /* ViewController.swift */,
				33B3813420A8B18D00212796 /* LeagueVC.swift */,
				33B3813620A8B1B000212796 /* SkillVC.swift */,
			);
			path = Contoller;
			sourceTree = "<group>";
		};
		33B3813120A8B05600212796 /* Model */ = {
			isa = PBXGroup;
			children = (
				33B3813820A957BB00212796 /* Player.swift */,
			);
			name = Model;
			path = "New Group";
			sourceTree = "<group>";
		};
/* End PBXGroup section */

/* Begin PBXNativeTarget section */
		331E2DA620A7244C00F4A5F7 /* app-swoosh1 */ = {
			isa = PBXNativeTarget;
			buildConfigurationList = 331E2DB920A7244C00F4A5F7 /* Build configuration list for PBXNativeTarget "app-swoosh1" */;
			buildPhases = (
				331E2DA320A7244C00F4A5F7 /* Sources */,
				331E2DA420A7244C00F4A5F7 /* Frameworks */,
				331E2DA520A7244C00F4A5F7 /* Resources */,
			);
			buildRules = (
			);
			dependencies = (
			);
			name = "app-swoosh1";
			productName = "app-swoosh1";
			productReference = 331E2DA720A7244C00F4A5F7 /* app-swoosh1.app */;
			productType = "com.apple.product-type.application";
		};
/* End PBXNativeTarget section */

/* Begin PBXProject section */
		331E2D9F20A7244C00F4A5F7 /* Project object */ = {
			isa = PBXProject;
			attributes = {
				LastSwiftUpdateCheck = 0830;
				LastUpgradeCheck = 0830;
				ORGANIZATIONNAME = "Pappulal Patidar";
				TargetAttributes = {
					331E2DA620A7244C00F4A5F7 = {
						CreatedOnToolsVersion = 8.3.2;
						ProvisioningStyle = Automatic;
					};
				};
			};
			buildConfigurationList = 331E2DA220A7244C00F4A5F7 /* Build configuration list for PBXProject "app-swoosh1" */;
			compatibilityVersion = "Xcode 3.2";
			developmentRegion = English;
			hasScannedForEncodings = 0;
			knownRegions = (
				en,
				Base,
			);
			mainGroup = 331E2D9E20A7244C00F4A5F7;
			productRefGroup = 331E2DA820A7244C00F4A5F7 /* Products */;
			projectDirPath = "";
			projectRoot = "";
			targets = (
				331E2DA620A7244C00F4A5F7 /* app-swoosh1 */,
			);
		};
/* End PBXProject section */

/* Begin PBXResourcesBuildPhase section */
		331E2DA520A7244C00F4A5F7 /* Resources */ = {
			isa = PBXResourcesBuildPhase;
			buildActionMask = 2147483647;
			files = (
				331E2DB520A7244C00F4A5F7 /* LaunchScreen.storyboard in Resources */,
				331E2DB220A7244C00F4A5F7 /* Assets.xcassets in Resources */,
				331E2DB020A7244C00F4A5F7 /* Main.storyboard in Resources */,
			);
			runOnlyForDeploymentPostprocessing = 0;
		};
/* End PBXResourcesBuildPhase section */

/* Begin PBXSourcesBuildPhase section */
		331E2DA320A7244C00F4A5F7 /* Sources */ = {
			isa = PBXSourcesBuildPhase;
			buildActionMask = 2147483647;
			files = (
				33B3813720A8B1B000212796 /* SkillVC.swift in Sources */,
				331E2DAD20A7244C00F4A5F7 /* ViewController.swift in Sources */,
				331E2DAB20A7244C00F4A5F7 /* AppDelegate.swift in Sources */,
				33B3813920A957BB00212796 /* Player.swift in Sources */,
				33B3813520A8B18D00212796 /* LeagueVC.swift in Sources */,
			);
			runOnlyForDeploymentPostprocessing = 0;
		};
/* End PBXSourcesBuildPhase section */

/* Begin PBXVariantGroup section */
		331E2DAE20A7244C00F4A5F7 /* Main.storyboard */ = {
			isa = PBXVariantGroup;
			children = (
				331E2DAF20A7244C00F4A5F7 /* Base */,
			);
			name = Main.storyboard;
			sourceTree = "<group>";
		};
		331E2DB320A7244C00F4A5F7 /* LaunchScreen.storyboard */ = {
			isa = PBXVariantGroup;
			children = (
				331E2DB420A7244C00F4A5F7 /* Base */,
			);
			name = LaunchScreen.storyboard;
			sourceTree = "<group>";
		};
/* End PBXVariantGroup section */

/* Begin XCBuildConfiguration section */
		331E2DB720A7244C00F4A5F7 /* Debug */ = {
			isa = XCBuildConfiguration;
			buildSettings = {
				ALWAYS_SEARCH_USER_PATHS = NO;
				CLANG_ANALYZER_NONNULL = YES;
				CLANG_ANALYZER_NUMBER_OBJECT_CONVERSION = YES_AGGRESSIVE;
				CLANG_CXX_LANGUAGE_STANDARD = "gnu++0x";
				CLANG_CXX_LIBRARY = "libc++";
				CLANG_ENABLE_MODULES = YES;
				CLANG_ENABLE_OBJC_ARC = YES;
				CLANG_WARN_BOOL_CONVERSION = YES;
				CLANG_WARN_CONSTANT_CONVERSION = YES;
				CLANG_WARN_DIRECT_OBJC_ISA_USAGE = YES_ERROR;
				CLANG_WARN_DOCUMENTATION_COMMENTS = YES;
				CLANG_WARN_EMPTY_BODY = YES;
				CLANG_WARN_ENUM_CONVERSION = YES;
				CLANG_WARN_INFINITE_RECURSION = YES;
				CLANG_WARN_INT_CONVERSION = YES;
				CLANG_WARN_OBJC_ROOT_CLASS = YES_ERROR;
				CLANG_WARN_SUSPICIOUS_MOVE = YES;
				CLANG_WARN_UNREACHABLE_CODE = YES;
				CLANG_WARN__DUPLICATE_METHOD_MATCH = YES;
				"CODE_SIGN_IDENTITY[sdk=iphoneos*]" = "iPhone Developer";
				COPY_PHASE_STRIP = NO;
				DEBUG_INFORMATION_FORMAT = dwarf;
				ENABLE_STRICT_OBJC_MSGSEND = YES;
				ENABLE_TESTABILITY = YES;
				GCC_C_LANGUAGE_STANDARD = gnu99;
				GCC_DYNAMIC_NO_PIC = NO;
				GCC_NO_COMMON_BLOCKS = YES;
				GCC_OPTIMIZATION_LEVEL = 0;
				GCC_PREPROCESSOR_DEFINITIONS = (
					"DEBUG=1",
					"$(inherited)",
				);
				GCC_WARN_64_TO_32_BIT_CONVERSION = YES;
				GCC_WARN_ABOUT_RETURN_TYPE = YES_ERROR;
				GCC_WARN_UNDECLARED_SELECTOR = YES;
				GCC_WARN_UNINITIALIZED_AUTOS = YES_AGGRESSIVE;
				GCC_WARN_UNUSED_FUNCTION = YES;
				GCC_WARN_UNUSED_VARIABLE = YES;
				IPHONEOS_DEPLOYMENT_TARGET = 10.3;
				MTL_ENABLE_DEBUG_INFO = YES;
				ONLY_ACTIVE_ARCH = YES;
				SDKROOT = iphoneos;
				SWIFT_ACTIVE_COMPILATION_CONDITIONS = DEBUG;
				SWIFT_OPTIMIZATION_LEVEL = "-Onone";
			};
			name = Debug;
		};
		331E2DB820A7244C00F4A5F7 /* Release */ = {
			isa = XCBuildConfiguration;
			buildSettings = {
				ALWAYS_SEARCH_USER_PATHS = NO;
				CLANG_ANALYZER_NONNULL = YES;
				CLANG_ANALYZER_NUMBER_OBJECT_CONVERSION = YES_AGGRESSIVE;
				CLANG_CXX_LANGUAGE_STANDARD = "gnu++0x";
				CLANG_CXX_LIBRARY = "libc++";
				CLANG_ENABLE_MODULES = YES;
				CLANG_ENABLE_OBJC_ARC = YES;
				CLANG_WARN_BOOL_CONVERSION = YES;
				CLANG_WARN_CONSTANT_CONVERSION = YES;
				CLANG_WARN_DIRECT_OBJC_ISA_USAGE = YES_ERROR;
				CLANG_WARN_DOCUMENTATION_COMMENTS = YES;
				CLANG_WARN_EMPTY_BODY = YES;
				CLANG_WARN_ENUM_CONVERSION = YES;
				CLANG_WARN_INFINITE_RECURSION = YES;
				CLANG_WARN_INT_CONVERSION = YES;
				CLANG_WARN_OBJC_ROOT_CLASS = YES_ERROR;
				CLANG_WARN_SUSPICIOUS_MOVE = YES;
				CLANG_WARN_UNREACHABLE_CODE = YES;
				CLANG_WARN__DUPLICATE_METHOD_MATCH = YES;
				"CODE_SIGN_IDENTITY[sdk=iphoneos*]" = "iPhone Developer";
				COPY_PHASE_STRIP = NO;
				DEBUG_INFORMATION_FORMAT = "dwarf-with-dsym";
				ENABLE_NS_ASSERTIONS = NO;
				ENABLE_STRICT_OBJC_MSGSEND = YES;
				GCC_C_LANGUAGE_STANDARD = gnu99;
				GCC_NO_COMMON_BLOCKS = YES;
				GCC_WARN_64_TO_32_BIT_CONVERSION = YES;
				GCC_WARN_ABOUT_RETURN_TYPE = YES_ERROR;
				GCC_WARN_UNDECLARED_SELECTOR = YES;
				GCC_WARN_UNINITIALIZED_AUTOS = YES_AGGRESSIVE;
				GCC_WARN_UNUSED_FUNCTION = YES;
				GCC_WARN_UNUSED_VARIABLE = YES;
				IPHONEOS_DEPLOYMENT_TARGET = 10.3;
				MTL_ENABLE_DEBUG_INFO = NO;
				SDKROOT = iphoneos;
				SWIFT_OPTIMIZATION_LEVEL = "-Owholemodule";
				VALIDATE_PRODUCT = YES;
			};
			name = Release;
		};
		331E2DBA20A7244C00F4A5F7 /* Debug */ = {
			isa = XCBuildConfiguration;
			buildSettings = {
				ASSETCATALOG_COMPILER_APPICON_NAME = AppIcon;
				INFOPLIST_FILE = "app-swoosh1/Info.plist";
				LD_RUNPATH_SEARCH_PATHS = "$(inherited) @executable_path/Frameworks";
				PRODUCT_BUNDLE_IDENTIFIER = "PP.app-swoosh1";
				PRODUCT_NAME = "$(TARGET_NAME)";
				SWIFT_VERSION = 3.0;
			};
			name = Debug;
		};
		331E2DBB20A7244C00F4A5F7 /* Release */ = {
			isa = XCBuildConfiguration;
			buildSettings = {
				ASSETCATALOG_COMPILER_APPICON_NAME = AppIcon;
				INFOPLIST_FILE = "app-swoosh1/Info.plist";
				LD_RUNPATH_SEARCH_PATHS = "$(inherited) @executable_path/Frameworks";
				PRODUCT_BUNDLE_IDENTIFIER = "PP.app-swoosh1";
				PRODUCT_NAME = "$(TARGET_NAME)";
				SWIFT_VERSION = 3.0;
			};
			name = Release;
		};
/* End XCBuildConfiguration section */

/* Begin XCConfigurationList section */
		331E2DA220A7244C00F4A5F7 /* Build configuration list for PBXProject "app-swoosh1" */ = {
			isa = XCConfigurationList;
			buildConfigurations = (
				331E2DB720A7244C00F4A5F7 /* Debug */,
				331E2DB820A7244C00F4A5F7 /* Release */,
			);
			defaultConfigurationIsVisible = 0;
			defaultConfigurationName = Release;
		};
		331E2DB920A7244C00F4A5F7 /* Build configuration list for PBXNativeTarget "app-swoosh1" */ = {
			isa = XCConfigurationList;
			buildConfigurations = (
				331E2DBA20A7244C00F4A5F7 /* Debug */,
				331E2DBB20A7244C00F4A5F7 /* Release */,
			);
			defaultConfigurationIsVisible = 0;
			defaultConfigurationName = Release;
		};
/* End XCConfigurationList section */
	};
	rootObject = 331E2D9F20A7244C00F4A5F7 /* Project object */;
}
